
Microsoft Visual Studio Solution File, Format Version 12.00
# Visual Studio Version 16
VisualStudioVersion = 16.0.31321.278
MinimumVisualStudioVersion = 10.0.40219.1
Project("{FAE04EC0-301F-11D3-BF4B-00C04F79EFBC}") = "QvaPayDotnet", "QvaPayDotnet.csproj", "{2C5582A0-2AB3-4164-BAE6-93293D5EA490}"
EndProject
Global
	GlobalSection(SolutionConfigurationPlatforms) = preSolution
		Debug|Any CPU = Debug|Any CPU
		Release|Any CPU = Release|Any CPU
	EndGlobalSection
	GlobalSection(ProjectConfigurationPlatforms) = postSolution
		{2C5582A0-2AB3-4164-BAE6-93293D5EA490}.Debug|Any CPU.ActiveCfg = Debug|Any CPU
		{2C5582A0-2AB3-4164-BAE6-93293D5EA490}.Debug|Any CPU.Build.0 = Debug|Any CPU
		{2C5582A0-2AB3-4164-BAE6-93293D5EA490}.Release|Any CPU.ActiveCfg = Release|Any CPU
		{2C5582A0-2AB3-4164-BAE6-93293D5EA490}.Release|Any CPU.Build.0 = Release|Any CPU
		{A60E6F5B-4EEE-408E-8CEA-DB8D91B652B1}.Debug|Any CPU.ActiveCfg = Debug|Any CPU
		{A60E6F5B-4EEE-408E-8CEA-DB8D91B652B1}.Debug|Any CPU.Build.0 = Debug|Any CPU
		{A60E6F5B-4EEE-408E-8CEA-DB8D91B652B1}.Release|Any CPU.ActiveCfg = Release|Any CPU
		{A60E6F5B-4EEE-408E-8CEA-DB8D91B652B1}.Release|Any CPU.Build.0 = Release|Any CPU
	EndGlobalSection
	GlobalSection(SolutionProperties) = preSolution
		HideSolutionNode = FALSE
	EndGlobalSection
	GlobalSection(ExtensibilityGlobals) = postSolution
		SolutionGuid = {6F933D43-E082-4306-976E-411BD3FDC1B2}
	EndGlobalSection
EndGlobal
